
Microsoft Visual Studio Solution File, Format Version 12.00
# Visual Studio Version 17
VisualStudioVersion = 17.8.34525.116
MinimumVisualStudioVersion = 10.0.40219.1
Project("{FAE04EC0-301F-11D3-BF4B-00C04F79EFBC}") = "Lemondo.Libary.API", "Lemondo.Libary.API\Lemondo.Libary.API.csproj", "{F2AF33C8-C049-4920-A5CF-805F5C493E7C}"
EndProject
Global
	GlobalSection(SolutionConfigurationPlatforms) = preSolution
		Debug|Any CPU = Debug|Any CPU
		Release|Any CPU = Release|Any CPU
	EndGlobalSection
	GlobalSection(ProjectConfigurationPlatforms) = postSolution
		{F2AF33C8-C049-4920-A5CF-805F5C493E7C}.Debug|Any CPU.ActiveCfg = Debug|Any CPU
		{F2AF33C8-C049-4920-A5CF-805F5C493E7C}.Debug|Any CPU.Build.0 = Debug|Any CPU
		{F2AF33C8-C049-4920-A5CF-805F5C493E7C}.Release|Any CPU.ActiveCfg = Release|Any CPU
		{F2AF33C8-C049-4920-A5CF-805F5C493E7C}.Release|Any CPU.Build.0 = Release|Any CPU
	EndGlobalSection
	GlobalSection(SolutionProperties) = preSolution
		HideSolutionNode = FALSE
	EndGlobalSection
	GlobalSection(ExtensibilityGlobals) = postSolution
		SolutionGuid = {FE661DD7-0BD2-4AD5-82B3-9085B4531105}
	EndGlobalSection
EndGlobal
